
Microsoft Visual Studio Solution File, Format Version 12.00
# Visual Studio Version 16
VisualStudioVersion = 16.0.30406.217
MinimumVisualStudioVersion = 10.0.40219.1
Project("{FAE04EC0-301F-11D3-BF4B-00C04F79EFBC}") = "sotuken.comApp1", "sotuken.comApp1\sotuken.comApp1.csproj", "{0B9D37E8-21CD-4F60-A96D-A115710D2722}"
EndProject
Global
	GlobalSection(SolutionConfigurationPlatforms) = preSolution
		Debug|Any CPU = Debug|Any CPU
		Release|Any CPU = Release|Any CPU
	EndGlobalSection
	GlobalSection(ProjectConfigurationPlatforms) = postSolution
		{0B9D37E8-21CD-4F60-A96D-A115710D2722}.Debug|Any CPU.ActiveCfg = Debug|Any CPU
		{0B9D37E8-21CD-4F60-A96D-A115710D2722}.Debug|Any CPU.Build.0 = Debug|Any CPU
		{0B9D37E8-21CD-4F60-A96D-A115710D2722}.Release|Any CPU.ActiveCfg = Release|Any CPU
		{0B9D37E8-21CD-4F60-A96D-A115710D2722}.Release|Any CPU.Build.0 = Release|Any CPU
	EndGlobalSection
	GlobalSection(SolutionProperties) = preSolution
		HideSolutionNode = FALSE
	EndGlobalSection
	GlobalSection(ExtensibilityGlobals) = postSolution
		SolutionGuid = {C0297D43-365A-4372-B9EC-463740917E0B}
	EndGlobalSection
EndGlobal
